
Microsoft Visual Studio Solution File, Format Version 12.00
# Visual Studio 14
VisualStudioVersion = 14.0.23107.0
MinimumVisualStudioVersion = 10.0.40219.1
Project("{FAE04EC0-301F-11D3-BF4B-00C04F79EFBC}") = "Tailf", "Tailf\Tailf.csproj", "{2F88847E-0A38-433A-A869-90D2447D92D2}"
EndProject
Project("{FAE04EC0-301F-11D3-BF4B-00C04F79EFBC}") = "TestTailF", "TestTailF\TestTailF.csproj", "{EA1AD7A9-3739-4921-AA4A-03FF6FDC5FD2}"
EndProject
Global
	GlobalSection(SolutionConfigurationPlatforms) = preSolution
		Debug|Any CPU = Debug|Any CPU
		Release|Any CPU = Release|Any CPU
	EndGlobalSection
	GlobalSection(ProjectConfigurationPlatforms) = postSolution
		{2F88847E-0A38-433A-A869-90D2447D92D2}.Debug|Any CPU.ActiveCfg = Debug|Any CPU
		{2F88847E-0A38-433A-A869-90D2447D92D2}.Debug|Any CPU.Build.0 = Debug|Any CPU
		{2F88847E-0A38-433A-A869-90D2447D92D2}.Release|Any CPU.ActiveCfg = Release|Any CPU
		{2F88847E-0A38-433A-A869-90D2447D92D2}.Release|Any CPU.Build.0 = Release|Any CPU
		{EA1AD7A9-3739-4921-AA4A-03FF6FDC5FD2}.Debug|Any CPU.ActiveCfg = Debug|Any CPU
		{EA1AD7A9-3739-4921-AA4A-03FF6FDC5FD2}.Debug|Any CPU.Build.0 = Debug|Any CPU
		{EA1AD7A9-3739-4921-AA4A-03FF6FDC5FD2}.Release|Any CPU.ActiveCfg = Release|Any CPU
		{EA1AD7A9-3739-4921-AA4A-03FF6FDC5FD2}.Release|Any CPU.Build.0 = Release|Any CPU
	EndGlobalSection
	GlobalSection(SolutionProperties) = preSolution
		HideSolutionNode = FALSE
	EndGlobalSection
EndGlobal
